
Microsoft Visual Studio Solution File, Format Version 10.00
# Visual C++ Express 2008
Project("{8BC9CEB8-8B4A-11D0-8D11-00A0C91BC942}") = "imanes", "imanes.vcproj", "{6EDD68D8-65A2-4004-B957-588C2745977A}"
EndProject
Global
	GlobalSection(SolutionConfigurationPlatforms) = preSolution
		Debug|Win32 = Debug|Win32
		Release|Win32 = Release|Win32
	EndGlobalSection
	GlobalSection(ProjectConfigurationPlatforms) = postSolution
		{6EDD68D8-65A2-4004-B957-588C2745977A}.Debug|Win32.ActiveCfg = Debug|Win32
		{6EDD68D8-65A2-4004-B957-588C2745977A}.Debug|Win32.Build.0 = Debug|Win32
		{6EDD68D8-65A2-4004-B957-588C2745977A}.Release|Win32.ActiveCfg = Release|Win32
		{6EDD68D8-65A2-4004-B957-588C2745977A}.Release|Win32.Build.0 = Release|Win32
	EndGlobalSection
	GlobalSection(SolutionProperties) = preSolution
		HideSolutionNode = FALSE
	EndGlobalSection
EndGlobal
