// !$*UTF8*$!
{
	archiveVersion = 1;
	classes = {
	};
	objectVersion = 45;
	objects = {

/* Begin PBXBuildFile section */
		CC7D0D330F7544D8003B3BDB /* SDL.framework in Frameworks */ = {isa = PBXBuildFile; fileRef = CC7D0D320F7544D8003B3BDB /* SDL.framework */; };
		CCDF856F0F753552008C1F96 /* cnrom.c in Sources */ = {isa = PBXBuildFile; fileRef = CCDF855C0F753552008C1F96 /* cnrom.c */; };
		CCDF85700F753552008C1F96 /* cpu.c in Sources */ = {isa = PBXBuildFile; fileRef = CCDF855D0F753552008C1F96 /* cpu.c */; };
		CCDF85710F753552008C1F96 /* imaconfig.c in Sources */ = {isa = PBXBuildFile; fileRef = CCDF855E0F753552008C1F96 /* imaconfig.c */; };
		CCDF85720F753552008C1F96 /* instruction_set.c in Sources */ = {isa = PBXBuildFile; fileRef = CCDF855F0F753552008C1F96 /* instruction_set.c */; };
		CCDF85730F753552008C1F96 /* loop.c in Sources */ = {isa = PBXBuildFile; fileRef = CCDF85600F753552008C1F96 /* loop.c */; };
		CCDF85740F753552008C1F96 /* main.c in Sources */ = {isa = PBXBuildFile; fileRef = CCDF85610F753552008C1F96 /* main.c */; };
		CCDF85750F753552008C1F96 /* mapper.c in Sources */ = {isa = PBXBuildFile; fileRef = CCDF85640F753552008C1F96 /* mapper.c */; };
		CCDF85760F753552008C1F96 /* mmc1.c in Sources */ = {isa = PBXBuildFile; fileRef = CCDF85650F753552008C1F96 /* mmc1.c */; };
		CCDF85770F753552008C1F96 /* mmc3.c in Sources */ = {isa = PBXBuildFile; fileRef = CCDF85660F753552008C1F96 /* mmc3.c */; };
		CCDF85780F753552008C1F96 /* nrom.c in Sources */ = {isa = PBXBuildFile; fileRef = CCDF85670F753552008C1F96 /* nrom.c */; };
		CCDF85790F753552008C1F96 /* pad.c in Sources */ = {isa = PBXBuildFile; fileRef = CCDF85680F753552008C1F96 /* pad.c */; };
		CCDF857A0F753552008C1F96 /* palette.c in Sources */ = {isa = PBXBuildFile; fileRef = CCDF85690F753552008C1F96 /* palette.c */; };
		CCDF857B0F753552008C1F96 /* parse_file.c in Sources */ = {isa = PBXBuildFile; fileRef = CCDF856A0F753552008C1F96 /* parse_file.c */; };
		CCDF857C0F753552008C1F96 /* ppu.c in Sources */ = {isa = PBXBuildFile; fileRef = CCDF856B0F753552008C1F96 /* ppu.c */; };
		CCDF857D0F753552008C1F96 /* screen.c in Sources */ = {isa = PBXBuildFile; fileRef = CCDF856C0F753552008C1F96 /* screen.c */; };
		CCDF857E0F753552008C1F96 /* sram.c in Sources */ = {isa = PBXBuildFile; fileRef = CCDF856D0F753552008C1F96 /* sram.c */; };
		CCDF857F0F753552008C1F96 /* unrom.c in Sources */ = {isa = PBXBuildFile; fileRef = CCDF856E0F753552008C1F96 /* unrom.c */; };
/* End PBXBuildFile section */

/* Begin PBXCopyFilesBuildPhase section */
		8DD76FAF0486AB0100D96B5E /* CopyFiles */ = {
			isa = PBXCopyFilesBuildPhase;
			buildActionMask = 8;
			dstPath = /usr/share/man/man1/;
			dstSubfolderSpec = 0;
			files = (
			);
			runOnlyForDeploymentPostprocessing = 1;
		};
/* End PBXCopyFilesBuildPhase section */

/* Begin PBXFileReference section */
		8DD76FB20486AB0100D96B5E /* imanes */ = {isa = PBXFileReference; explicitFileType = "compiled.mach-o.executable"; includeInIndex = 0; path = imanes; sourceTree = BUILT_PRODUCTS_DIR; };
		CC7D0D080F754269003B3BDB /* cnrom.h */ = {isa = PBXFileReference; fileEncoding = 4; lastKnownFileType = sourcecode.c.h; path = cnrom.h; sourceTree = "<group>"; };
		CC7D0D090F754269003B3BDB /* common.h */ = {isa = PBXFileReference; fileEncoding = 4; lastKnownFileType = sourcecode.c.h; path = common.h; sourceTree = "<group>"; };
		CC7D0D0A0F754269003B3BDB /* cpu.h */ = {isa = PBXFileReference; fileEncoding = 4; lastKnownFileType = sourcecode.c.h; path = cpu.h; sourceTree = "<group>"; };
		CC7D0D0B0F754269003B3BDB /* debug.h */ = {isa = PBXFileReference; fileEncoding = 4; lastKnownFileType = sourcecode.c.h; path = debug.h; sourceTree = "<group>"; };
		CC7D0D0C0F754269003B3BDB /* imaconfig.h */ = {isa = PBXFileReference; fileEncoding = 4; lastKnownFileType = sourcecode.c.h; path = imaconfig.h; sourceTree = "<group>"; };
		CC7D0D0D0F754269003B3BDB /* instruction_set.h */ = {isa = PBXFileReference; fileEncoding = 4; lastKnownFileType = sourcecode.c.h; path = instruction_set.h; sourceTree = "<group>"; };
		CC7D0D0E0F754269003B3BDB /* loop.h */ = {isa = PBXFileReference; fileEncoding = 4; lastKnownFileType = sourcecode.c.h; path = loop.h; sourceTree = "<group>"; };
		CC7D0D0F0F754269003B3BDB /* mapper.h */ = {isa = PBXFileReference; fileEncoding = 4; lastKnownFileType = sourcecode.c.h; path = mapper.h; sourceTree = "<group>"; };
		CC7D0D100F754269003B3BDB /* mmc1.h */ = {isa = PBXFileReference; fileEncoding = 4; lastKnownFileType = sourcecode.c.h; path = mmc1.h; sourceTree = "<group>"; };
		CC7D0D110F754269003B3BDB /* mmc3.h */ = {isa = PBXFileReference; fileEncoding = 4; lastKnownFileType = sourcecode.c.h; path = mmc3.h; sourceTree = "<group>"; };
		CC7D0D120F754269003B3BDB /* nrom.h */ = {isa = PBXFileReference; fileEncoding = 4; lastKnownFileType = sourcecode.c.h; path = nrom.h; sourceTree = "<group>"; };
		CC7D0D130F754269003B3BDB /* pad.h */ = {isa = PBXFileReference; fileEncoding = 4; lastKnownFileType = sourcecode.c.h; path = pad.h; sourceTree = "<group>"; };
		CC7D0D140F754269003B3BDB /* palette.h */ = {isa = PBXFileReference; fileEncoding = 4; lastKnownFileType = sourcecode.c.h; path = palette.h; sourceTree = "<group>"; };
		CC7D0D150F754269003B3BDB /* parse_file.h */ = {isa = PBXFileReference; fileEncoding = 4; lastKnownFileType = sourcecode.c.h; path = parse_file.h; sourceTree = "<group>"; };
		CC7D0D160F754269003B3BDB /* ppu.h */ = {isa = PBXFileReference; fileEncoding = 4; lastKnownFileType = sourcecode.c.h; path = ppu.h; sourceTree = "<group>"; };
		CC7D0D170F754269003B3BDB /* screen.h */ = {isa = PBXFileReference; fileEncoding = 4; lastKnownFileType = sourcecode.c.h; path = screen.h; sourceTree = "<group>"; };
		CC7D0D180F754269003B3BDB /* sram.h */ = {isa = PBXFileReference; fileEncoding = 4; lastKnownFileType = sourcecode.c.h; path = sram.h; sourceTree = "<group>"; };
		CC7D0D190F754269003B3BDB /* unrom.h */ = {isa = PBXFileReference; fileEncoding = 4; lastKnownFileType = sourcecode.c.h; path = unrom.h; sourceTree = "<group>"; };
		CC7D0D320F7544D8003B3BDB /* SDL.framework */ = {isa = PBXFileReference; explicitFileType = wrapper.framework; name = SDL.framework; path = /Library/Frameworks/SDL.framework; sourceTree = "<absolute>"; };
		CCDF855C0F753552008C1F96 /* cnrom.c */ = {isa = PBXFileReference; fileEncoding = 4; lastKnownFileType = sourcecode.c.c; path = cnrom.c; sourceTree = "<group>"; };
		CCDF855D0F753552008C1F96 /* cpu.c */ = {isa = PBXFileReference; fileEncoding = 4; lastKnownFileType = sourcecode.c.c; path = cpu.c; sourceTree = "<group>"; };
		CCDF855E0F753552008C1F96 /* imaconfig.c */ = {isa = PBXFileReference; fileEncoding = 4; lastKnownFileType = sourcecode.c.c; path = imaconfig.c; sourceTree = "<group>"; };
		CCDF855F0F753552008C1F96 /* instruction_set.c */ = {isa = PBXFileReference; fileEncoding = 4; lastKnownFileType = sourcecode.c.c; path = instruction_set.c; sourceTree = "<group>"; };
		CCDF85600F753552008C1F96 /* loop.c */ = {isa = PBXFileReference; fileEncoding = 4; lastKnownFileType = sourcecode.c.c; path = loop.c; sourceTree = "<group>"; };
		CCDF85610F753552008C1F96 /* main.c */ = {isa = PBXFileReference; fileEncoding = 4; lastKnownFileType = sourcecode.c.c; path = main.c; sourceTree = "<group>"; };
		CCDF85640F753552008C1F96 /* mapper.c */ = {isa = PBXFileReference; fileEncoding = 4; lastKnownFileType = sourcecode.c.c; path = mapper.c; sourceTree = "<group>"; };
		CCDF85650F753552008C1F96 /* mmc1.c */ = {isa = PBXFileReference; fileEncoding = 4; lastKnownFileType = sourcecode.c.c; path = mmc1.c; sourceTree = "<group>"; };
		CCDF85660F753552008C1F96 /* mmc3.c */ = {isa = PBXFileReference; fileEncoding = 4; lastKnownFileType = sourcecode.c.c; path = mmc3.c; sourceTree = "<group>"; };
		CCDF85670F753552008C1F96 /* nrom.c */ = {isa = PBXFileReference; fileEncoding = 4; lastKnownFileType = sourcecode.c.c; path = nrom.c; sourceTree = "<group>"; };
		CCDF85680F753552008C1F96 /* pad.c */ = {isa = PBXFileReference; fileEncoding = 4; lastKnownFileType = sourcecode.c.c; path = pad.c; sourceTree = "<group>"; };
		CCDF85690F753552008C1F96 /* palette.c */ = {isa = PBXFileReference; fileEncoding = 4; lastKnownFileType = sourcecode.c.c; path = palette.c; sourceTree = "<group>"; };
		CCDF856A0F753552008C1F96 /* parse_file.c */ = {isa = PBXFileReference; fileEncoding = 4; lastKnownFileType = sourcecode.c.c; path = parse_file.c; sourceTree = "<group>"; };
		CCDF856B0F753552008C1F96 /* ppu.c */ = {isa = PBXFileReference; fileEncoding = 4; lastKnownFileType = sourcecode.c.c; path = ppu.c; sourceTree = "<group>"; };
		CCDF856C0F753552008C1F96 /* screen.c */ = {isa = PBXFileReference; fileEncoding = 4; lastKnownFileType = sourcecode.c.c; path = screen.c; sourceTree = "<group>"; };
		CCDF856D0F753552008C1F96 /* sram.c */ = {isa = PBXFileReference; fileEncoding = 4; lastKnownFileType = sourcecode.c.c; path = sram.c; sourceTree = "<group>"; };
		CCDF856E0F753552008C1F96 /* unrom.c */ = {isa = PBXFileReference; fileEncoding = 4; lastKnownFileType = sourcecode.c.c; path = unrom.c; sourceTree = "<group>"; };
/* End PBXFileReference section */

/* Begin PBXFrameworksBuildPhase section */
		8DD76FAD0486AB0100D96B5E /* Frameworks */ = {
			isa = PBXFrameworksBuildPhase;
			buildActionMask = 2147483647;
			files = (
				CC7D0D330F7544D8003B3BDB /* SDL.framework in Frameworks */,
			);
			runOnlyForDeploymentPostprocessing = 0;
		};
/* End PBXFrameworksBuildPhase section */

/* Begin PBXGroup section */
		08FB7794FE84155DC02AAC07 /* imanes */ = {
			isa = PBXGroup;
			children = (
				CC7D0D320F7544D8003B3BDB /* SDL.framework */,
				08FB7795FE84155DC02AAC07 /* Source */,
				C6A0FF2B0290797F04C91782 /* Documentation */,
				1AB674ADFE9D54B511CA2CBB /* Products */,
			);
			name = imanes;
			sourceTree = "<group>";
		};
		08FB7795FE84155DC02AAC07 /* Source */ = {
			isa = PBXGroup;
			children = (
				CC7D0D070F754269003B3BDB /* include */,
				CCDF855A0F753552008C1F96 /* src */,
			);
			name = Source;
			sourceTree = "<group>";
		};
		1AB674ADFE9D54B511CA2CBB /* Products */ = {
			isa = PBXGroup;
			children = (
				8DD76FB20486AB0100D96B5E /* imanes */,
			);
			name = Products;
			sourceTree = "<group>";
		};
		C6A0FF2B0290797F04C91782 /* Documentation */ = {
			isa = PBXGroup;
			children = (
			);
			name = Documentation;
			sourceTree = "<group>";
		};
		CC7D0D070F754269003B3BDB /* include */ = {
			isa = PBXGroup;
			children = (
				CC7D0D080F754269003B3BDB /* cnrom.h */,
				CC7D0D090F754269003B3BDB /* common.h */,
				CC7D0D0A0F754269003B3BDB /* cpu.h */,
				CC7D0D0B0F754269003B3BDB /* debug.h */,
				CC7D0D0C0F754269003B3BDB /* imaconfig.h */,
				CC7D0D0D0F754269003B3BDB /* instruction_set.h */,
				CC7D0D0E0F754269003B3BDB /* loop.h */,
				CC7D0D0F0F754269003B3BDB /* mapper.h */,
				CC7D0D100F754269003B3BDB /* mmc1.h */,
				CC7D0D110F754269003B3BDB /* mmc3.h */,
				CC7D0D120F754269003B3BDB /* nrom.h */,
				CC7D0D130F754269003B3BDB /* pad.h */,
				CC7D0D140F754269003B3BDB /* palette.h */,
				CC7D0D150F754269003B3BDB /* parse_file.h */,
				CC7D0D160F754269003B3BDB /* ppu.h */,
				CC7D0D170F754269003B3BDB /* screen.h */,
				CC7D0D180F754269003B3BDB /* sram.h */,
				CC7D0D190F754269003B3BDB /* unrom.h */,
			);
			path = include;
			sourceTree = "<group>";
		};
		CCDF855A0F753552008C1F96 /* src */ = {
			isa = PBXGroup;
			children = (
				CCDF855C0F753552008C1F96 /* cnrom.c */,
				CCDF855D0F753552008C1F96 /* cpu.c */,
				CCDF855E0F753552008C1F96 /* imaconfig.c */,
				CCDF855F0F753552008C1F96 /* instruction_set.c */,
				CCDF85600F753552008C1F96 /* loop.c */,
				CCDF85610F753552008C1F96 /* main.c */,
				CCDF85640F753552008C1F96 /* mapper.c */,
				CCDF85650F753552008C1F96 /* mmc1.c */,
				CCDF85660F753552008C1F96 /* mmc3.c */,
				CCDF85670F753552008C1F96 /* nrom.c */,
				CCDF85680F753552008C1F96 /* pad.c */,
				CCDF85690F753552008C1F96 /* palette.c */,
				CCDF856A0F753552008C1F96 /* parse_file.c */,
				CCDF856B0F753552008C1F96 /* ppu.c */,
				CCDF856C0F753552008C1F96 /* screen.c */,
				CCDF856D0F753552008C1F96 /* sram.c */,
				CCDF856E0F753552008C1F96 /* unrom.c */,
			);
			path = src;
			sourceTree = "<group>";
		};
/* End PBXGroup section */

/* Begin PBXNativeTarget section */
		8DD76FA90486AB0100D96B5E /* imanes */ = {
			isa = PBXNativeTarget;
			buildConfigurationList = 1DEB928508733DD80010E9CD /* Build configuration list for PBXNativeTarget "imanes" */;
			buildPhases = (
				8DD76FAB0486AB0100D96B5E /* Sources */,
				8DD76FAD0486AB0100D96B5E /* Frameworks */,
				8DD76FAF0486AB0100D96B5E /* CopyFiles */,
			);
			buildRules = (
			);
			dependencies = (
			);
			name = imanes;
			productInstallPath = "$(HOME)/bin";
			productName = imanes;
			productReference = 8DD76FB20486AB0100D96B5E /* imanes */;
			productType = "com.apple.product-type.tool";
		};
/* End PBXNativeTarget section */

/* Begin PBXProject section */
		08FB7793FE84155DC02AAC07 /* Project object */ = {
			isa = PBXProject;
			buildConfigurationList = 1DEB928908733DD80010E9CD /* Build configuration list for PBXProject "imanes" */;
			compatibilityVersion = "Xcode 3.1";
			hasScannedForEncodings = 1;
			mainGroup = 08FB7794FE84155DC02AAC07 /* imanes */;
			projectDirPath = "";
			projectRoot = "";
			targets = (
				8DD76FA90486AB0100D96B5E /* imanes */,
			);
		};
/* End PBXProject section */

/* Begin PBXSourcesBuildPhase section */
		8DD76FAB0486AB0100D96B5E /* Sources */ = {
			isa = PBXSourcesBuildPhase;
			buildActionMask = 2147483647;
			files = (
				CCDF856F0F753552008C1F96 /* cnrom.c in Sources */,
				CCDF85700F753552008C1F96 /* cpu.c in Sources */,
				CCDF85710F753552008C1F96 /* imaconfig.c in Sources */,
				CCDF85720F753552008C1F96 /* instruction_set.c in Sources */,
				CCDF85730F753552008C1F96 /* loop.c in Sources */,
				CCDF85740F753552008C1F96 /* main.c in Sources */,
				CCDF85750F753552008C1F96 /* mapper.c in Sources */,
				CCDF85760F753552008C1F96 /* mmc1.c in Sources */,
				CCDF85770F753552008C1F96 /* mmc3.c in Sources */,
				CCDF85780F753552008C1F96 /* nrom.c in Sources */,
				CCDF85790F753552008C1F96 /* pad.c in Sources */,
				CCDF857A0F753552008C1F96 /* palette.c in Sources */,
				CCDF857B0F753552008C1F96 /* parse_file.c in Sources */,
				CCDF857C0F753552008C1F96 /* ppu.c in Sources */,
				CCDF857D0F753552008C1F96 /* screen.c in Sources */,
				CCDF857E0F753552008C1F96 /* sram.c in Sources */,
				CCDF857F0F753552008C1F96 /* unrom.c in Sources */,
			);
			runOnlyForDeploymentPostprocessing = 0;
		};
/* End PBXSourcesBuildPhase section */

/* Begin XCBuildConfiguration section */
		1DEB928608733DD80010E9CD /* Debug */ = {
			isa = XCBuildConfiguration;
			buildSettings = {
				ALWAYS_SEARCH_USER_PATHS = NO;
				COPY_PHASE_STRIP = NO;
				GCC_DYNAMIC_NO_PIC = NO;
				GCC_ENABLE_FIX_AND_CONTINUE = YES;
				GCC_MODEL_TUNING = G5;
				GCC_OPTIMIZATION_LEVEL = 0;
				INSTALL_PATH = /usr/local/bin;
				PRODUCT_NAME = imanes;
			};
			name = Debug;
		};
		1DEB928708733DD80010E9CD /* Release */ = {
			isa = XCBuildConfiguration;
			buildSettings = {
				ALWAYS_SEARCH_USER_PATHS = NO;
				DEBUG_INFORMATION_FORMAT = "dwarf-with-dsym";
				GCC_MODEL_TUNING = G5;
				INSTALL_PATH = /usr/local/bin;
				PRODUCT_NAME = imanes;
			};
			name = Release;
		};
		1DEB928A08733DD80010E9CD /* Debug */ = {
			isa = XCBuildConfiguration;
			buildSettings = {
				ARCHS = "$(ARCHS_STANDARD_32_BIT)";
				GCC_C_LANGUAGE_STANDARD = c99;
				GCC_OPTIMIZATION_LEVEL = 0;
				GCC_VERSION = 4.2;
				GCC_WARN_ABOUT_RETURN_TYPE = YES;
				GCC_WARN_UNUSED_VARIABLE = YES;
				ONLY_ACTIVE_ARCH = YES;
				PREBINDING = NO;
				SDKROOT = macosx10.5;
			};
			name = Debug;
		};
		1DEB928B08733DD80010E9CD /* Release */ = {
			isa = XCBuildConfiguration;
			buildSettings = {
				ARCHS = "$(ARCHS_STANDARD_32_BIT)";
				GCC_C_LANGUAGE_STANDARD = c99;
				GCC_WARN_ABOUT_RETURN_TYPE = YES;
				GCC_WARN_UNUSED_VARIABLE = YES;
				PREBINDING = NO;
				SDKROOT = macosx10.5;
			};
			name = Release;
		};
/* End XCBuildConfiguration section */

/* Begin XCConfigurationList section */
		1DEB928508733DD80010E9CD /* Build configuration list for PBXNativeTarget "imanes" */ = {
			isa = XCConfigurationList;
			buildConfigurations = (
				1DEB928608733DD80010E9CD /* Debug */,
				1DEB928708733DD80010E9CD /* Release */,
			);
			defaultConfigurationIsVisible = 0;
			defaultConfigurationName = Release;
		};
		1DEB928908733DD80010E9CD /* Build configuration list for PBXProject "imanes" */ = {
			isa = XCConfigurationList;
			buildConfigurations = (
				1DEB928A08733DD80010E9CD /* Debug */,
				1DEB928B08733DD80010E9CD /* Release */,
			);
			defaultConfigurationIsVisible = 0;
			defaultConfigurationName = Release;
		};
/* End XCConfigurationList section */
	};
	rootObject = 08FB7793FE84155DC02AAC07 /* Project object */;
}
